
Microsoft Visual Studio Solution File, Format Version 12.00
# Visual Studio Version 17
VisualStudioVersion = 17.5.33516.290
MinimumVisualStudioVersion = 10.0.40219.1
Project("{FAE04EC0-301F-11D3-BF4B-00C04F79EFBC}") = "POC_ProjectStructure", "POC_ProjectStructure\POC_ProjectStructure.csproj", "{ACD97EF3-4146-486A-89C2-E8639EBE9801}"
EndProject
Global
	GlobalSection(SolutionConfigurationPlatforms) = preSolution
		Debug|Any CPU = Debug|Any CPU
		Release|Any CPU = Release|Any CPU
	EndGlobalSection
	GlobalSection(ProjectConfigurationPlatforms) = postSolution
		{ACD97EF3-4146-486A-89C2-E8639EBE9801}.Debug|Any CPU.ActiveCfg = Debug|Any CPU
		{ACD97EF3-4146-486A-89C2-E8639EBE9801}.Debug|Any CPU.Build.0 = Debug|Any CPU
		{ACD97EF3-4146-486A-89C2-E8639EBE9801}.Release|Any CPU.ActiveCfg = Release|Any CPU
		{ACD97EF3-4146-486A-89C2-E8639EBE9801}.Release|Any CPU.Build.0 = Release|Any CPU
	EndGlobalSection
	GlobalSection(SolutionProperties) = preSolution
		HideSolutionNode = FALSE
	EndGlobalSection
	GlobalSection(ExtensibilityGlobals) = postSolution
		SolutionGuid = {35A1AEA8-5EA2-4B2C-B9B3-A1B25E3BBC56}
	EndGlobalSection
EndGlobal
